
Microsoft Visual Studio Solution File, Format Version 12.00
# Visual Studio Version 16
VisualStudioVersion = 16.0.29215.179
MinimumVisualStudioVersion = 10.0.40219.1
Project("{FAE04EC0-301F-11D3-BF4B-00C04F79EFBC}") = "RockPaperScissors", "RockPaperScissors\RockPaperScissors.csproj", "{D8A78C8F-0DB2-4FC1-9B61-2EA9FB02B2C6}"
EndProject
Global
	GlobalSection(SolutionConfigurationPlatforms) = preSolution
		Debug|Any CPU = Debug|Any CPU
		Release|Any CPU = Release|Any CPU
	EndGlobalSection
	GlobalSection(ProjectConfigurationPlatforms) = postSolution
		{D8A78C8F-0DB2-4FC1-9B61-2EA9FB02B2C6}.Debug|Any CPU.ActiveCfg = Debug|Any CPU
		{D8A78C8F-0DB2-4FC1-9B61-2EA9FB02B2C6}.Debug|Any CPU.Build.0 = Debug|Any CPU
		{D8A78C8F-0DB2-4FC1-9B61-2EA9FB02B2C6}.Release|Any CPU.ActiveCfg = Release|Any CPU
		{D8A78C8F-0DB2-4FC1-9B61-2EA9FB02B2C6}.Release|Any CPU.Build.0 = Release|Any CPU
	EndGlobalSection
	GlobalSection(SolutionProperties) = preSolution
		HideSolutionNode = FALSE
	EndGlobalSection
	GlobalSection(ExtensibilityGlobals) = postSolution
		SolutionGuid = {3F3CBBA2-8B54-43F8-9EAB-A09CE9999340}
	EndGlobalSection
EndGlobal
